
Microsoft Visual Studio Solution File, Format Version 12.00
# Visual Studio Version 17
VisualStudioVersion = 17.7.34009.444
MinimumVisualStudioVersion = 10.0.40219.1
Project("{FAE04EC0-301F-11D3-BF4B-00C04F79EFBC}") = "FastDesign", "FastDesign\FastDesign.csproj", "{DB80C53C-5E05-42DA-8D74-AD3610FFF8CC}"
EndProject
Global
	GlobalSection(SolutionConfigurationPlatforms) = preSolution
		Debug|Any CPU = Debug|Any CPU
		Release|Any CPU = Release|Any CPU
	EndGlobalSection
	GlobalSection(ProjectConfigurationPlatforms) = postSolution
		{DB80C53C-5E05-42DA-8D74-AD3610FFF8CC}.Debug|Any CPU.ActiveCfg = Debug|Any CPU
		{DB80C53C-5E05-42DA-8D74-AD3610FFF8CC}.Debug|Any CPU.Build.0 = Debug|Any CPU
		{DB80C53C-5E05-42DA-8D74-AD3610FFF8CC}.Release|Any CPU.ActiveCfg = Release|Any CPU
		{DB80C53C-5E05-42DA-8D74-AD3610FFF8CC}.Release|Any CPU.Build.0 = Release|Any CPU
	EndGlobalSection
	GlobalSection(SolutionProperties) = preSolution
		HideSolutionNode = FALSE
	EndGlobalSection
	GlobalSection(ExtensibilityGlobals) = postSolution
		SolutionGuid = {06520A15-C5A2-4AED-9520-4E8E1BECE6F7}
	EndGlobalSection
EndGlobal
